<?xml version="1.0" encoding="utf-8"?>
<Project ToolsVersion="4.0" xmlns="http://schemas.microsoft.com/developer/msbuild/2003">
  <ItemGroup>
    <Filter Include="Source Files">
      <UniqueIdentifier>{4FC737F1-C7A5-4376-A066-2A32D752A2FF}</UniqueIdentifier>
      <Extensions>cpp;c;cc;cxx;def;odl;idl;hpj;bat;asm;asmx</Extensions>
    </Filter>
    <Filter Include="Header Files">
      <UniqueIdentifier>{93995380-89BD-4b04-88EB-625FBE52EBFB}</UniqueIdentifier>
      <Extensions>h;hh;hpp;hxx;hm;inl;inc;xsd</Extensions>
    </Filter>
    <Filter Include="Resource Files">
      <UniqueIdentifier>{67DA6AB6-F800-4c08-8B7A-83BB121AAD01}</UniqueIdentifier>
      <Extensions>rc;ico;cur;bmp;dlg;rc2;rct;bin;rgs;gif;jpg;jpeg;jpe;resx;tiff;tif;png;wav;mfcribbon-ms</Extensions>
    </Filter>
    <Filter Include="Source Files\GameState">
      <UniqueIdentifier>{d9e4db05-630f-446d-882a-b7d004c7df44}</UniqueIdentifier>
    </Filter>
    <Filter Include="Header Files\GameState">
      <UniqueIdentifier>{e8b8e05c-aa44-4a3c-8f68-ffe4c1f84ae4}</UniqueIdentifier>
    </Filter>
    <Filter Include="Header Files\Entity">
      <UniqueIdentifier>{e8f75623-41ad-4687-a723-f980d8933c44}</UniqueIdentifier>
    </Filter>
    <Filter Include="Source Files\Entity">
      <UniqueIdentifier>{6d4e2195-7d09-4921-8460-c30f84331a79}</UniqueIdentifier>
    </Filter>
    <Filter Include="Header Files\Entity\Enemies">
      <UniqueIdentifier>{0f4de784-4194-4e98-8a2f-32fd32ff6358}</UniqueIdentifier>
    </Filter>
    <Filter Include="Source Files\Entity\Enemies">
      <UniqueIdentifier>{9a3cfab9-40b7-4db1-a8ff-25ba49a96803}</UniqueIdentifier>
    </Filter>
  </ItemGroup>
  <ItemGroup>
    <ClCompile Include="Win32.cpp">
      <Filter>Source Files</Filter>
    </ClCompile>
    <ClCompile Include="DirectX.cpp">
      <Filter>Source Files</Filter>
    </ClCompile>
    <ClCompile Include="Game.cpp">
      <Filter>Source Files</Filter>
    </ClCompile>
    <ClCompile Include="GameState.cpp">
      <Filter>Source Files\GameState</Filter>
    </ClCompile>
    <ClCompile Include="GameStateManager.cpp">
      <Filter>Source Files</Filter>
    </ClCompile>
    <ClCompile Include="MenuState.cpp">
      <Filter>Source Files\GameState</Filter>
    </ClCompile>
    <ClCompile Include="Animation.cpp">
      <Filter>Source Files</Filter>
    </ClCompile>
    <ClCompile Include="DirectSound.cpp">
      <Filter>Source Files</Filter>
    </ClCompile>
    <ClCompile Include="LevelStateBase.cpp">
      <Filter>Source Files\GameState</Filter>
    </ClCompile>
    <ClCompile Include="Player.cpp">
      <Filter>Source Files\Entity</Filter>
    </ClCompile>
    <ClCompile Include="Entity.cpp">
      <Filter>Source Files\Entity</Filter>
    </ClCompile>
    <ClCompile Include="Projectile.cpp">
      <Filter>Source Files\Entity</Filter>
    </ClCompile>
    <ClCompile Include="Timer.cpp">
      <Filter>Source Files</Filter>
    </ClCompile>
    <ClCompile Include="Enemy_10.cpp">
      <Filter>Source Files\Entity\Enemies</Filter>
    </ClCompile>
    <ClCompile Include="Enemy_11.cpp">
      <Filter>Source Files\Entity\Enemies</Filter>
    </ClCompile>
    <ClCompile Include="Enemy_12.cpp">
      <Filter>Source Files\Entity\Enemies</Filter>
    </ClCompile>
    <ClCompile Include="Enemy_30.cpp">
      <Filter>Source Files\Entity\Enemies</Filter>
    </ClCompile>
    <ClCompile Include="Level3State.cpp">
      <Filter>Source Files\GameState</Filter>
    </ClCompile>
    <ClCompile Include="AboutState.cpp">
      <Filter>Source Files\GameState</Filter>
    </ClCompile>
    <ClCompile Include="VictoryState.cpp">
      <Filter>Source Files\GameState</Filter>
    </ClCompile>
    <ClCompile Include="DefeatState.cpp">
      <Filter>Source Files\GameState</Filter>
    </ClCompile>
    <ClCompile Include="Enemy_31.cpp">
      <Filter>Source Files\Entity\Enemies</Filter>
    </ClCompile>
    <ClCompile Include="Enemy_32.cpp">
      <Filter>Source Files\Entity\Enemies</Filter>
    </ClCompile>
    <ClCompile Include="Enemy_33.cpp">
      <Filter>Source Files\Entity\Enemies</Filter>
    </ClCompile>
    <ClCompile Include="Enemy_34.cpp">
      <Filter>Source Files\Entity\Enemies</Filter>
    </ClCompile>
    <ClCompile Include="Enemy.cpp">
      <Filter>Source Files\Entity\Enemies</Filter>
    </ClCompile>
    <ClCompile Include="Enemy_20.cpp">
      <Filter>Source Files\Entity\Enemies</Filter>
    </ClCompile>
    <ClCompile Include="Enemy_21.cpp">
      <Filter>Source Files\Entity\Enemies</Filter>
    </ClCompile>
    <ClCompile Include="Enemy_40.cpp">
      <Filter>Source Files\Entity\Enemies</Filter>
    </ClCompile>
    <ClCompile Include="Enemy_41.cpp">
      <Filter>Source Files\Entity\Enemies</Filter>
    </ClCompile>
    <ClCompile Include="Level5State.cpp">
      <Filter>Source Files\GameState</Filter>
    </ClCompile>
    <ClCompile Include="Boss.cpp">
      <Filter>Source Files\Entity\Enemies</Filter>
    </ClCompile>
    <ClCompile Include="BossPart.cpp">
      <Filter>Source Files\Entity\Enemies</Filter>
    </ClCompile>
  </ItemGroup>
  <ItemGroup>
    <ClInclude Include="DirectX.h">
      <Filter>Header Files</Filter>
    </ClInclude>
    <ClInclude Include="Game.h">
      <Filter>Header Files</Filter>
    </ClInclude>
    <ClInclude Include="GameStateManager.h">
      <Filter>Header Files</Filter>
    </ClInclude>
    <ClInclude Include="GameState.h">
      <Filter>Header Files\GameState</Filter>
    </ClInclude>
    <ClInclude Include="MenuState.h">
      <Filter>Header Files\GameState</Filter>
    </ClInclude>
    <ClInclude Include="GameStateEnum.h">
      <Filter>Header Files\GameState</Filter>
    </ClInclude>
    <ClInclude Include="Animation.h">
      <Filter>Header Files</Filter>
    </ClInclude>
    <ClInclude Include="DirectSound.h">
      <Filter>Header Files</Filter>
    </ClInclude>
    <ClInclude Include="LevelStateBase.h">
      <Filter>Header Files\GameState</Filter>
    </ClInclude>
    <ClInclude Include="Player.h">
      <Filter>Header Files\Entity</Filter>
    </ClInclude>
    <ClInclude Include="Entity.h">
      <Filter>Header Files\Entity</Filter>
    </ClInclude>
    <ClInclude Include="Projectile.h">
      <Filter>Header Files\Entity</Filter>
    </ClInclude>
    <ClInclude Include="Timer.h">
      <Filter>Header Files</Filter>
    </ClInclude>
    <ClInclude Include="Win32.h">
      <Filter>Header Files</Filter>
    </ClInclude>
    <ClInclude Include="Enemy_10.h">
      <Filter>Header Files\Entity\Enemies</Filter>
    </ClInclude>
    <ClInclude Include="Enemy_11.h">
      <Filter>Header Files\Entity\Enemies</Filter>
    </ClInclude>
    <ClInclude Include="Enemy_12.h">
      <Filter>Header Files\Entity\Enemies</Filter>
    </ClInclude>
    <ClInclude Include="Enemy_30.h">
      <Filter>Header Files\Entity\Enemies</Filter>
    </ClInclude>
    <ClInclude Include="Enemy.h">
      <Filter>Header Files\Entity\Enemies</Filter>
    </ClInclude>
    <ClInclude Include="Level3State.h">
      <Filter>Header Files\GameState</Filter>
    </ClInclude>
    <ClInclude Include="AboutState.h">
      <Filter>Header Files\GameState</Filter>
    </ClInclude>
    <ClInclude Include="VictoryState.h">
      <Filter>Header Files\GameState</Filter>
    </ClInclude>
    <ClInclude Include="DefeatState.h">
      <Filter>Header Files\GameState</Filter>
    </ClInclude>
    <ClInclude Include="Enemy_31.h">
      <Filter>Header Files\Entity\Enemies</Filter>
    </ClInclude>
    <ClInclude Include="Enemy_32.h">
      <Filter>Header Files\Entity\Enemies</Filter>
    </ClInclude>
    <ClInclude Include="Enemy_33.h">
      <Filter>Header Files\Entity\Enemies</Filter>
    </ClInclude>
    <ClInclude Include="Enemy_34.h">
      <Filter>Header Files\Entity\Enemies</Filter>
    </ClInclude>
    <ClInclude Include="Enemy_20.h">
      <Filter>Header Files\Entity\Enemies</Filter>
    </ClInclude>
    <ClInclude Include="Enemy_21.h">
      <Filter>Header Files\Entity\Enemies</Filter>
    </ClInclude>
    <ClInclude Include="Enemy_40.h">
      <Filter>Header Files\Entity\Enemies</Filter>
    </ClInclude>
    <ClInclude Include="Enemy_41.h">
      <Filter>Header Files\Entity\Enemies</Filter>
    </ClInclude>
    <ClInclude Include="Level5State.h">
      <Filter>Header Files\GameState</Filter>
    </ClInclude>
    <ClInclude Include="Boss.h">
      <Filter>Header Files\Entity\Enemies</Filter>
    </ClInclude>
    <ClInclude Include="BossPart.h">
      <Filter>Header Files\Entity\Enemies</Filter>
    </ClInclude>
  </ItemGroup>
  <ItemGroup>
    <Text Include="TODO.txt" />
  </ItemGroup>
</Project>